// !$*UTF8*$!
{
	archiveVersion = 1;
	classes = {
	};
	objectVersion = 46;
	objects = {

/* Begin PBXBuildFile section */
		223C26B0163D476400B07B50 /* UIKit.framework in Frameworks */ = {isa = PBXBuildFile; fileRef = 223C26AF163D476400B07B50 /* UIKit.framework */; };
		223C26B2163D476400B07B50 /* Foundation.framework in Frameworks */ = {isa = PBXBuildFile; fileRef = 223C26B1163D476400B07B50 /* Foundation.framework */; };
		223C26B4163D476400B07B50 /* CoreGraphics.framework in Frameworks */ = {isa = PBXBuildFile; fileRef = 223C26B3163D476400B07B50 /* CoreGraphics.framework */; };
		223C26BA163D476400B07B50 /* InfoPlist.strings in Resources */ = {isa = PBXBuildFile; fileRef = 223C26B8163D476400B07B50 /* InfoPlist.strings */; };
		223C26BC163D476400B07B50 /* main.m in Sources */ = {isa = PBXBuildFile; fileRef = 223C26BB163D476400B07B50 /* main.m */; };
		223C26C0163D476400B07B50 /* WFAppDelegate.m in Sources */ = {isa = PBXBuildFile; fileRef = 223C26BF163D476400B07B50 /* WFAppDelegate.m */; };
		223C26C2163D476400B07B50 /* Default.png in Resources */ = {isa = PBXBuildFile; fileRef = 223C26C1163D476400B07B50 /* Default.png */; };
		223C26C4163D476400B07B50 /* Default@2x.png in Resources */ = {isa = PBXBuildFile; fileRef = 223C26C3163D476400B07B50 /* Default@2x.png */; };
		223C26C6163D476400B07B50 /* Default-568h@2x.png in Resources */ = {isa = PBXBuildFile; fileRef = 223C26C5163D476400B07B50 /* Default-568h@2x.png */; };
		223C26D0163D47C600B07B50 /* head_50.png in Resources */ = {isa = PBXBuildFile; fileRef = 223C26CF163D47C600B07B50 /* head_50.png */; };
		223C26DC163D4EAE00B07B50 /* WFLoginViewViewController.m in Sources */ = {isa = PBXBuildFile; fileRef = 223C26DA163D4EAE00B07B50 /* WFLoginViewViewController.m */; };
		223C26DD163D4EAE00B07B50 /* WFLoginViewViewController.xib in Resources */ = {isa = PBXBuildFile; fileRef = 223C26DB163D4EAE00B07B50 /* WFLoginViewViewController.xib */; };
/* End PBXBuildFile section */

/* Begin PBXFileReference section */
		223C26AB163D476400B07B50 /* WolfShow.app */ = {isa = PBXFileReference; explicitFileType = wrapper.application; includeInIndex = 0; path = WolfShow.app; sourceTree = BUILT_PRODUCTS_DIR; };
		223C26AF163D476400B07B50 /* UIKit.framework */ = {isa = PBXFileReference; lastKnownFileType = wrapper.framework; name = UIKit.framework; path = System/Library/Frameworks/UIKit.framework; sourceTree = SDKROOT; };
		223C26B1163D476400B07B50 /* Foundation.framework */ = {isa = PBXFileReference; lastKnownFileType = wrapper.framework; name = Foundation.framework; path = System/Library/Frameworks/Foundation.framework; sourceTree = SDKROOT; };
		223C26B3163D476400B07B50 /* CoreGraphics.framework */ = {isa = PBXFileReference; lastKnownFileType = wrapper.framework; name = CoreGraphics.framework; path = System/Library/Frameworks/CoreGraphics.framework; sourceTree = SDKROOT; };
		223C26B7163D476400B07B50 /* WolfShow-Info.plist */ = {isa = PBXFileReference; lastKnownFileType = text.plist.xml; path = "WolfShow-Info.plist"; sourceTree = "<group>"; };
		223C26B9163D476400B07B50 /* en */ = {isa = PBXFileReference; lastKnownFileType = text.plist.strings; name = en; path = en.lproj/InfoPlist.strings; sourceTree = "<group>"; };
		223C26BB163D476400B07B50 /* main.m */ = {isa = PBXFileReference; lastKnownFileType = sourcecode.c.objc; path = main.m; sourceTree = "<group>"; };
		223C26BD163D476400B07B50 /* WolfShow-Prefix.pch */ = {isa = PBXFileReference; lastKnownFileType = sourcecode.c.h; path = "WolfShow-Prefix.pch"; sourceTree = "<group>"; };
		223C26BE163D476400B07B50 /* WFAppDelegate.h */ = {isa = PBXFileReference; lastKnownFileType = sourcecode.c.h; path = WFAppDelegate.h; sourceTree = "<group>"; };
		223C26BF163D476400B07B50 /* WFAppDelegate.m */ = {isa = PBXFileReference; lastKnownFileType = sourcecode.c.objc; path = WFAppDelegate.m; sourceTree = "<group>"; };
		223C26C1163D476400B07B50 /* Default.png */ = {isa = PBXFileReference; lastKnownFileType = image.png; path = Default.png; sourceTree = "<group>"; };
		223C26C3163D476400B07B50 /* Default@2x.png */ = {isa = PBXFileReference; lastKnownFileType = image.png; path = "Default@2x.png"; sourceTree = "<group>"; };
		223C26C5163D476400B07B50 /* Default-568h@2x.png */ = {isa = PBXFileReference; lastKnownFileType = image.png; path = "Default-568h@2x.png"; sourceTree = "<group>"; };
		223C26CF163D47C600B07B50 /* head_50.png */ = {isa = PBXFileReference; lastKnownFileType = image.png; path = head_50.png; sourceTree = "<group>"; };
		223C26D9163D4EAE00B07B50 /* WFLoginViewViewController.h */ = {isa = PBXFileReference; fileEncoding = 4; lastKnownFileType = sourcecode.c.h; path = WFLoginViewViewController.h; sourceTree = "<group>"; };
		223C26DA163D4EAE00B07B50 /* WFLoginViewViewController.m */ = {isa = PBXFileReference; fileEncoding = 4; lastKnownFileType = sourcecode.c.objc; path = WFLoginViewViewController.m; sourceTree = "<group>"; };
		223C26DB163D4EAE00B07B50 /* WFLoginViewViewController.xib */ = {isa = PBXFileReference; fileEncoding = 4; lastKnownFileType = file.xib; path = WFLoginViewViewController.xib; sourceTree = "<group>"; };
/* End PBXFileReference section */

/* Begin PBXFrameworksBuildPhase section */
		223C26A8163D476400B07B50 /* Frameworks */ = {
			isa = PBXFrameworksBuildPhase;
			buildActionMask = 2147483647;
			files = (
				223C26B0163D476400B07B50 /* UIKit.framework in Frameworks */,
				223C26B2163D476400B07B50 /* Foundation.framework in Frameworks */,
				223C26B4163D476400B07B50 /* CoreGraphics.framework in Frameworks */,
			);
			runOnlyForDeploymentPostprocessing = 0;
		};
/* End PBXFrameworksBuildPhase section */

/* Begin PBXGroup section */
		223C26A0163D476400B07B50 = {
			isa = PBXGroup;
			children = (
				223C26B5163D476400B07B50 /* WolfShow */,
				223C26AE163D476400B07B50 /* Frameworks */,
				223C26AC163D476400B07B50 /* Products */,
			);
			sourceTree = "<group>";
		};
		223C26AC163D476400B07B50 /* Products */ = {
			isa = PBXGroup;
			children = (
				223C26AB163D476400B07B50 /* WolfShow.app */,
			);
			name = Products;
			sourceTree = "<group>";
		};
		223C26AE163D476400B07B50 /* Frameworks */ = {
			isa = PBXGroup;
			children = (
				223C26AF163D476400B07B50 /* UIKit.framework */,
				223C26B1163D476400B07B50 /* Foundation.framework */,
				223C26B3163D476400B07B50 /* CoreGraphics.framework */,
			);
			name = Frameworks;
			sourceTree = "<group>";
		};
		223C26B5163D476400B07B50 /* WolfShow */ = {
			isa = PBXGroup;
			children = (
				223C26CE163D479100B07B50 /* Other Resources */,
				223C26CD163D478600B07B50 /* Resources */,
				223C26CC163D477600B07B50 /* Classes */,
				223C26BE163D476400B07B50 /* WFAppDelegate.h */,
				223C26BF163D476400B07B50 /* WFAppDelegate.m */,
				223C26B6163D476400B07B50 /* Supporting Files */,
			);
			path = WolfShow;
			sourceTree = "<group>";
		};
		223C26B6163D476400B07B50 /* Supporting Files */ = {
			isa = PBXGroup;
			children = (
				223C26B7163D476400B07B50 /* WolfShow-Info.plist */,
				223C26B8163D476400B07B50 /* InfoPlist.strings */,
				223C26BB163D476400B07B50 /* main.m */,
				223C26BD163D476400B07B50 /* WolfShow-Prefix.pch */,
				223C26C1163D476400B07B50 /* Default.png */,
				223C26C3163D476400B07B50 /* Default@2x.png */,
				223C26C5163D476400B07B50 /* Default-568h@2x.png */,
			);
			name = "Supporting Files";
			sourceTree = "<group>";
		};
		223C26CC163D477600B07B50 /* Classes */ = {
			isa = PBXGroup;
			children = (
				223C26D2163D4DA200B07B50 /* login */,
			);
			name = Classes;
			sourceTree = "<group>";
		};
		223C26CD163D478600B07B50 /* Resources */ = {
			isa = PBXGroup;
			children = (
				223C26D1163D47CC00B07B50 /* img */,
			);
			name = Resources;
			sourceTree = "<group>";
		};
		223C26CE163D479100B07B50 /* Other Resources */ = {
			isa = PBXGroup;
			children = (
			);
			name = "Other Resources";
			sourceTree = "<group>";
		};
		223C26D1163D47CC00B07B50 /* img */ = {
			isa = PBXGroup;
			children = (
				223C26CF163D47C600B07B50 /* head_50.png */,
			);
			name = img;
			sourceTree = "<group>";
		};
		223C26D2163D4DA200B07B50 /* login */ = {
			isa = PBXGroup;
			children = (
				223C26D9163D4EAE00B07B50 /* WFLoginViewViewController.h */,
				223C26DA163D4EAE00B07B50 /* WFLoginViewViewController.m */,
				223C26DB163D4EAE00B07B50 /* WFLoginViewViewController.xib */,
			);
			name = login;
			sourceTree = "<group>";
		};
/* End PBXGroup section */

/* Begin PBXNativeTarget section */
		223C26AA163D476400B07B50 /* WolfShow */ = {
			isa = PBXNativeTarget;
			buildConfigurationList = 223C26C9163D476400B07B50 /* Build configuration list for PBXNativeTarget "WolfShow" */;
			buildPhases = (
				223C26A7163D476400B07B50 /* Sources */,
				223C26A8163D476400B07B50 /* Frameworks */,
				223C26A9163D476400B07B50 /* Resources */,
			);
			buildRules = (
			);
			dependencies = (
			);
			name = WolfShow;
			productName = WolfShow;
			productReference = 223C26AB163D476400B07B50 /* WolfShow.app */;
			productType = "com.apple.product-type.application";
		};
/* End PBXNativeTarget section */

/* Begin PBXProject section */
		223C26A2163D476400B07B50 /* Project object */ = {
			isa = PBXProject;
			attributes = {
				CLASSPREFIX = WF;
				LastUpgradeCheck = 0450;
				ORGANIZATIONNAME = huguiqi;
			};
			buildConfigurationList = 223C26A5163D476400B07B50 /* Build configuration list for PBXProject "WolfShow" */;
			compatibilityVersion = "Xcode 3.2";
			developmentRegion = English;
			hasScannedForEncodings = 0;
			knownRegions = (
				en,
			);
			mainGroup = 223C26A0163D476400B07B50;
			productRefGroup = 223C26AC163D476400B07B50 /* Products */;
			projectDirPath = "";
			projectRoot = "";
			targets = (
				223C26AA163D476400B07B50 /* WolfShow */,
			);
		};
/* End PBXProject section */

/* Begin PBXResourcesBuildPhase section */
		223C26A9163D476400B07B50 /* Resources */ = {
			isa = PBXResourcesBuildPhase;
			buildActionMask = 2147483647;
			files = (
				223C26BA163D476400B07B50 /* InfoPlist.strings in Resources */,
				223C26C2163D476400B07B50 /* Default.png in Resources */,
				223C26C4163D476400B07B50 /* Default@2x.png in Resources */,
				223C26C6163D476400B07B50 /* Default-568h@2x.png in Resources */,
				223C26D0163D47C600B07B50 /* head_50.png in Resources */,
				223C26DD163D4EAE00B07B50 /* WFLoginViewViewController.xib in Resources */,
			);
			runOnlyForDeploymentPostprocessing = 0;
		};
/* End PBXResourcesBuildPhase section */

/* Begin PBXSourcesBuildPhase section */
		223C26A7163D476400B07B50 /* Sources */ = {
			isa = PBXSourcesBuildPhase;
			buildActionMask = 2147483647;
			files = (
				223C26BC163D476400B07B50 /* main.m in Sources */,
				223C26C0163D476400B07B50 /* WFAppDelegate.m in Sources */,
				223C26DC163D4EAE00B07B50 /* WFLoginViewViewController.m in Sources */,
			);
			runOnlyForDeploymentPostprocessing = 0;
		};
/* End PBXSourcesBuildPhase section */

/* Begin PBXVariantGroup section */
		223C26B8163D476400B07B50 /* InfoPlist.strings */ = {
			isa = PBXVariantGroup;
			children = (
				223C26B9163D476400B07B50 /* en */,
			);
			name = InfoPlist.strings;
			sourceTree = "<group>";
		};
/* End PBXVariantGroup section */

/* Begin XCBuildConfiguration section */
		223C26C7163D476400B07B50 /* Debug */ = {
			isa = XCBuildConfiguration;
			buildSettings = {
				ALWAYS_SEARCH_USER_PATHS = NO;
				CLANG_CXX_LANGUAGE_STANDARD = "gnu++0x";
				CLANG_CXX_LIBRARY = "libc++";
				CLANG_WARN_EMPTY_BODY = YES;
				CLANG_WARN__DUPLICATE_METHOD_MATCH = YES;
				"CODE_SIGN_IDENTITY[sdk=iphoneos*]" = "iPhone Developer";
				COPY_PHASE_STRIP = NO;
				GCC_C_LANGUAGE_STANDARD = gnu99;
				GCC_DYNAMIC_NO_PIC = NO;
				GCC_OPTIMIZATION_LEVEL = 0;
				GCC_PREPROCESSOR_DEFINITIONS = (
					"DEBUG=1",
					"$(inherited)",
				);
				GCC_SYMBOLS_PRIVATE_EXTERN = NO;
				GCC_WARN_ABOUT_RETURN_TYPE = YES;
				GCC_WARN_UNINITIALIZED_AUTOS = YES;
				GCC_WARN_UNUSED_VARIABLE = YES;
				IPHONEOS_DEPLOYMENT_TARGET = 6.0;
				ONLY_ACTIVE_ARCH = YES;
				SDKROOT = iphoneos;
				TARGETED_DEVICE_FAMILY = "1,2";
			};
			name = Debug;
		};
		223C26C8163D476400B07B50 /* Release */ = {
			isa = XCBuildConfiguration;
			buildSettings = {
				ALWAYS_SEARCH_USER_PATHS = NO;
				CLANG_CXX_LANGUAGE_STANDARD = "gnu++0x";
				CLANG_CXX_LIBRARY = "libc++";
				CLANG_WARN_EMPTY_BODY = YES;
				CLANG_WARN__DUPLICATE_METHOD_MATCH = YES;
				"CODE_SIGN_IDENTITY[sdk=iphoneos*]" = "iPhone Developer";
				COPY_PHASE_STRIP = YES;
				GCC_C_LANGUAGE_STANDARD = gnu99;
				GCC_WARN_ABOUT_RETURN_TYPE = YES;
				GCC_WARN_UNINITIALIZED_AUTOS = YES;
				GCC_WARN_UNUSED_VARIABLE = YES;
				IPHONEOS_DEPLOYMENT_TARGET = 6.0;
				OTHER_CFLAGS = "-DNS_BLOCK_ASSERTIONS=1";
				SDKROOT = iphoneos;
				TARGETED_DEVICE_FAMILY = "1,2";
				VALIDATE_PRODUCT = YES;
			};
			name = Release;
		};
		223C26CA163D476400B07B50 /* Debug */ = {
			isa = XCBuildConfiguration;
			buildSettings = {
				GCC_PRECOMPILE_PREFIX_HEADER = YES;
				GCC_PREFIX_HEADER = "WolfShow/WolfShow-Prefix.pch";
				INFOPLIST_FILE = "WolfShow/WolfShow-Info.plist";
				IPHONEOS_DEPLOYMENT_TARGET = 5.1;
				PRODUCT_NAME = "$(TARGET_NAME)";
				WRAPPER_EXTENSION = app;
			};
			name = Debug;
		};
		223C26CB163D476400B07B50 /* Release */ = {
			isa = XCBuildConfiguration;
			buildSettings = {
				GCC_PRECOMPILE_PREFIX_HEADER = YES;
				GCC_PREFIX_HEADER = "WolfShow/WolfShow-Prefix.pch";
				INFOPLIST_FILE = "WolfShow/WolfShow-Info.plist";
				IPHONEOS_DEPLOYMENT_TARGET = 5.1;
				PRODUCT_NAME = "$(TARGET_NAME)";
				WRAPPER_EXTENSION = app;
			};
			name = Release;
		};
/* End XCBuildConfiguration section */

/* Begin XCConfigurationList section */
		223C26A5163D476400B07B50 /* Build configuration list for PBXProject "WolfShow" */ = {
			isa = XCConfigurationList;
			buildConfigurations = (
				223C26C7163D476400B07B50 /* Debug */,
				223C26C8163D476400B07B50 /* Release */,
			);
			defaultConfigurationIsVisible = 0;
			defaultConfigurationName = Release;
		};
		223C26C9163D476400B07B50 /* Build configuration list for PBXNativeTarget "WolfShow" */ = {
			isa = XCConfigurationList;
			buildConfigurations = (
				223C26CA163D476400B07B50 /* Debug */,
				223C26CB163D476400B07B50 /* Release */,
			);
			defaultConfigurationIsVisible = 0;
			defaultConfigurationName = Release;
		};
/* End XCConfigurationList section */
	};
	rootObject = 223C26A2163D476400B07B50 /* Project object */;
}
